// !$*UTF8*$!
{
	archiveVersion = 1;
	classes = {
	};
	objectVersion = 46;
	objects = {

/* Begin PBXBuildFile section */
		8B9220A11EB25D8600456876 /* Functions.swift in Sources */ = {isa = PBXBuildFile; fileRef = 8B9220A01EB25D8600456876 /* Functions.swift */; };
		8BDE60831EA9647A005E0FA3 /* AppDelegate.swift in Sources */ = {isa = PBXBuildFile; fileRef = 8BDE60821EA9647A005E0FA3 /* AppDelegate.swift */; };
		8BDE60881EA9647A005E0FA3 /* Main.storyboard in Resources */ = {isa = PBXBuildFile; fileRef = 8BDE60861EA9647A005E0FA3 /* Main.storyboard */; };
		8BDE608A1EA9647A005E0FA3 /* Assets.xcassets in Resources */ = {isa = PBXBuildFile; fileRef = 8BDE60891EA9647A005E0FA3 /* Assets.xcassets */; };
		8BDE608D1EA9647A005E0FA3 /* LaunchScreen.storyboard in Resources */ = {isa = PBXBuildFile; fileRef = 8BDE608B1EA9647A005E0FA3 /* LaunchScreen.storyboard */; };
		8BDE60981EA9647A005E0FA3 /* LapTimerTests.swift in Sources */ = {isa = PBXBuildFile; fileRef = 8BDE60971EA9647A005E0FA3 /* LapTimerTests.swift */; };
		8BDE60A31EA9647A005E0FA3 /* LapTimerUITests.swift in Sources */ = {isa = PBXBuildFile; fileRef = 8BDE60A21EA9647A005E0FA3 /* LapTimerUITests.swift */; };
		8BDE60B11EA966D7005E0FA3 /* ChronoViewController.swift in Sources */ = {isa = PBXBuildFile; fileRef = 8BDE60B01EA966D7005E0FA3 /* ChronoViewController.swift */; };
		8BDE60B51EA96AFA005E0FA3 /* MainViewController.swift in Sources */ = {isa = PBXBuildFile; fileRef = 8BDE60B41EA96AFA005E0FA3 /* MainViewController.swift */; };
		8BDE60B71EA96D27005E0FA3 /* LesChronosTableViewController.swift in Sources */ = {isa = PBXBuildFile; fileRef = 8BDE60B61EA96D27005E0FA3 /* LesChronosTableViewController.swift */; };
/* End PBXBuildFile section */

/* Begin PBXContainerItemProxy section */
		8BDE60941EA9647A005E0FA3 /* PBXContainerItemProxy */ = {
			isa = PBXContainerItemProxy;
			containerPortal = 8BDE60771EA96479005E0FA3 /* Project object */;
			proxyType = 1;
			remoteGlobalIDString = 8BDE607E1EA9647A005E0FA3;
			remoteInfo = LapTimer;
		};
		8BDE609F1EA9647A005E0FA3 /* PBXContainerItemProxy */ = {
			isa = PBXContainerItemProxy;
			containerPortal = 8BDE60771EA96479005E0FA3 /* Project object */;
			proxyType = 1;
			remoteGlobalIDString = 8BDE607E1EA9647A005E0FA3;
			remoteInfo = LapTimer;
		};
/* End PBXContainerItemProxy section */

/* Begin PBXFileReference section */
		8B9220A01EB25D8600456876 /* Functions.swift */ = {isa = PBXFileReference; fileEncoding = 4; lastKnownFileType = sourcecode.swift; path = Functions.swift; sourceTree = "<group>"; };
		8BDE607F1EA9647A005E0FA3 /* LapTimer.app */ = {isa = PBXFileReference; explicitFileType = wrapper.application; includeInIndex = 0; path = LapTimer.app; sourceTree = BUILT_PRODUCTS_DIR; };
		8BDE60821EA9647A005E0FA3 /* AppDelegate.swift */ = {isa = PBXFileReference; lastKnownFileType = sourcecode.swift; path = AppDelegate.swift; sourceTree = "<group>"; };
		8BDE60871EA9647A005E0FA3 /* Base */ = {isa = PBXFileReference; lastKnownFileType = file.storyboard; name = Base; path = Base.lproj/Main.storyboard; sourceTree = "<group>"; };
		8BDE60891EA9647A005E0FA3 /* Assets.xcassets */ = {isa = PBXFileReference; lastKnownFileType = folder.assetcatalog; path = Assets.xcassets; sourceTree = "<group>"; };
		8BDE608C1EA9647A005E0FA3 /* Base */ = {isa = PBXFileReference; lastKnownFileType = file.storyboard; name = Base; path = Base.lproj/LaunchScreen.storyboard; sourceTree = "<group>"; };
		8BDE608E1EA9647A005E0FA3 /* Info.plist */ = {isa = PBXFileReference; lastKnownFileType = text.plist.xml; path = Info.plist; sourceTree = "<group>"; };
		8BDE60931EA9647A005E0FA3 /* LapTimerTests.xctest */ = {isa = PBXFileReference; explicitFileType = wrapper.cfbundle; includeInIndex = 0; path = LapTimerTests.xctest; sourceTree = BUILT_PRODUCTS_DIR; };
		8BDE60971EA9647A005E0FA3 /* LapTimerTests.swift */ = {isa = PBXFileReference; lastKnownFileType = sourcecode.swift; path = LapTimerTests.swift; sourceTree = "<group>"; };
		8BDE60991EA9647A005E0FA3 /* Info.plist */ = {isa = PBXFileReference; lastKnownFileType = text.plist.xml; path = Info.plist; sourceTree = "<group>"; };
		8BDE609E1EA9647A005E0FA3 /* LapTimerUITests.xctest */ = {isa = PBXFileReference; explicitFileType = wrapper.cfbundle; includeInIndex = 0; path = LapTimerUITests.xctest; sourceTree = BUILT_PRODUCTS_DIR; };
		8BDE60A21EA9647A005E0FA3 /* LapTimerUITests.swift */ = {isa = PBXFileReference; lastKnownFileType = sourcecode.swift; path = LapTimerUITests.swift; sourceTree = "<group>"; };
		8BDE60A41EA9647A005E0FA3 /* Info.plist */ = {isa = PBXFileReference; lastKnownFileType = text.plist.xml; path = Info.plist; sourceTree = "<group>"; };
		8BDE60B01EA966D7005E0FA3 /* ChronoViewController.swift */ = {isa = PBXFileReference; fileEncoding = 4; lastKnownFileType = sourcecode.swift; path = ChronoViewController.swift; sourceTree = "<group>"; };
		8BDE60B41EA96AFA005E0FA3 /* MainViewController.swift */ = {isa = PBXFileReference; fileEncoding = 4; lastKnownFileType = sourcecode.swift; path = MainViewController.swift; sourceTree = "<group>"; };
		8BDE60B61EA96D27005E0FA3 /* LesChronosTableViewController.swift */ = {isa = PBXFileReference; fileEncoding = 4; lastKnownFileType = sourcecode.swift; path = LesChronosTableViewController.swift; sourceTree = "<group>"; };
/* End PBXFileReference section */

/* Begin PBXFrameworksBuildPhase section */
		8BDE607C1EA9647A005E0FA3 /* Frameworks */ = {
			isa = PBXFrameworksBuildPhase;
			buildActionMask = 2147483647;
			files = (
			);
			runOnlyForDeploymentPostprocessing = 0;
		};
		8BDE60901EA9647A005E0FA3 /* Frameworks */ = {
			isa = PBXFrameworksBuildPhase;
			buildActionMask = 2147483647;
			files = (
			);
			runOnlyForDeploymentPostprocessing = 0;
		};
		8BDE609B1EA9647A005E0FA3 /* Frameworks */ = {
			isa = PBXFrameworksBuildPhase;
			buildActionMask = 2147483647;
			files = (
			);
			runOnlyForDeploymentPostprocessing = 0;
		};
/* End PBXFrameworksBuildPhase section */

/* Begin PBXGroup section */
		8BDE60761EA96479005E0FA3 = {
			isa = PBXGroup;
			children = (
				8BDE60811EA9647A005E0FA3 /* LapTimer */,
				8BDE60961EA9647A005E0FA3 /* LapTimerTests */,
				8BDE60A11EA9647A005E0FA3 /* LapTimerUITests */,
				8BDE60801EA9647A005E0FA3 /* Products */,
			);
			sourceTree = "<group>";
		};
		8BDE60801EA9647A005E0FA3 /* Products */ = {
			isa = PBXGroup;
			children = (
				8BDE607F1EA9647A005E0FA3 /* LapTimer.app */,
				8BDE60931EA9647A005E0FA3 /* LapTimerTests.xctest */,
				8BDE609E1EA9647A005E0FA3 /* LapTimerUITests.xctest */,
			);
			name = Products;
			sourceTree = "<group>";
		};
		8BDE60811EA9647A005E0FA3 /* LapTimer */ = {
			isa = PBXGroup;
			children = (
				8BDE60821EA9647A005E0FA3 /* AppDelegate.swift */,
				8BDE60861EA9647A005E0FA3 /* Main.storyboard */,
				8BDE60891EA9647A005E0FA3 /* Assets.xcassets */,
				8BDE608B1EA9647A005E0FA3 /* LaunchScreen.storyboard */,
				8BDE608E1EA9647A005E0FA3 /* Info.plist */,
				8BDE60B41EA96AFA005E0FA3 /* MainViewController.swift */,
				8BDE60B61EA96D27005E0FA3 /* LesChronosTableViewController.swift */,
				8BDE60B01EA966D7005E0FA3 /* ChronoViewController.swift */,
				8B9220A01EB25D8600456876 /* Functions.swift */,
			);
			path = LapTimer;
			sourceTree = "<group>";
		};
		8BDE60961EA9647A005E0FA3 /* LapTimerTests */ = {
			isa = PBXGroup;
			children = (
				8BDE60971EA9647A005E0FA3 /* LapTimerTests.swift */,
				8BDE60991EA9647A005E0FA3 /* Info.plist */,
			);
			path = LapTimerTests;
			sourceTree = "<group>";
		};
		8BDE60A11EA9647A005E0FA3 /* LapTimerUITests */ = {
			isa = PBXGroup;
			children = (
				8BDE60A21EA9647A005E0FA3 /* LapTimerUITests.swift */,
				8BDE60A41EA9647A005E0FA3 /* Info.plist */,
			);
			path = LapTimerUITests;
			sourceTree = "<group>";
		};
/* End PBXGroup section */

/* Begin PBXNativeTarget section */
		8BDE607E1EA9647A005E0FA3 /* LapTimer */ = {
			isa = PBXNativeTarget;
			buildConfigurationList = 8BDE60A71EA9647A005E0FA3 /* Build configuration list for PBXNativeTarget "LapTimer" */;
			buildPhases = (
				8BDE607B1EA9647A005E0FA3 /* Sources */,
				8BDE607C1EA9647A005E0FA3 /* Frameworks */,
				8BDE607D1EA9647A005E0FA3 /* Resources */,
			);
			buildRules = (
			);
			dependencies = (
			);
			name = LapTimer;
			productName = LapTimer;
			productReference = 8BDE607F1EA9647A005E0FA3 /* LapTimer.app */;
			productType = "com.apple.product-type.application";
		};
		8BDE60921EA9647A005E0FA3 /* LapTimerTests */ = {
			isa = PBXNativeTarget;
			buildConfigurationList = 8BDE60AA1EA9647A005E0FA3 /* Build configuration list for PBXNativeTarget "LapTimerTests" */;
			buildPhases = (
				8BDE608F1EA9647A005E0FA3 /* Sources */,
				8BDE60901EA9647A005E0FA3 /* Frameworks */,
				8BDE60911EA9647A005E0FA3 /* Resources */,
			);
			buildRules = (
			);
			dependencies = (
				8BDE60951EA9647A005E0FA3 /* PBXTargetDependency */,
			);
			name = LapTimerTests;
			productName = LapTimerTests;
			productReference = 8BDE60931EA9647A005E0FA3 /* LapTimerTests.xctest */;
			productType = "com.apple.product-type.bundle.unit-test";
		};
		8BDE609D1EA9647A005E0FA3 /* LapTimerUITests */ = {
			isa = PBXNativeTarget;
			buildConfigurationList = 8BDE60AD1EA9647A005E0FA3 /* Build configuration list for PBXNativeTarget "LapTimerUITests" */;
			buildPhases = (
				8BDE609A1EA9647A005E0FA3 /* Sources */,
				8BDE609B1EA9647A005E0FA3 /* Frameworks */,
				8BDE609C1EA9647A005E0FA3 /* Resources */,
			);
			buildRules = (
			);
			dependencies = (
				8BDE60A01EA9647A005E0FA3 /* PBXTargetDependency */,
			);
			name = LapTimerUITests;
			productName = LapTimerUITests;
			productReference = 8BDE609E1EA9647A005E0FA3 /* LapTimerUITests.xctest */;
			productType = "com.apple.product-type.bundle.ui-testing";
		};
/* End PBXNativeTarget section */

/* Begin PBXProject section */
		8BDE60771EA96479005E0FA3 /* Project object */ = {
			isa = PBXProject;
			attributes = {
				LastSwiftUpdateCheck = 0830;
				LastUpgradeCheck = 0830;
				ORGANIZATIONNAME = SoniWeb;
				TargetAttributes = {
					8BDE607E1EA9647A005E0FA3 = {
						CreatedOnToolsVersion = 8.3.2;
						DevelopmentTeam = 2SYMV5G8NJ;
						ProvisioningStyle = Automatic;
					};
					8BDE60921EA9647A005E0FA3 = {
						CreatedOnToolsVersion = 8.3.2;
						DevelopmentTeam = 2SYMV5G8NJ;
						ProvisioningStyle = Automatic;
						TestTargetID = 8BDE607E1EA9647A005E0FA3;
					};
					8BDE609D1EA9647A005E0FA3 = {
						CreatedOnToolsVersion = 8.3.2;
						DevelopmentTeam = 2SYMV5G8NJ;
						ProvisioningStyle = Automatic;
						TestTargetID = 8BDE607E1EA9647A005E0FA3;
					};
				};
			};
			buildConfigurationList = 8BDE607A1EA96479005E0FA3 /* Build configuration list for PBXProject "LapTimer" */;
			compatibilityVersion = "Xcode 3.2";
			developmentRegion = English;
			hasScannedForEncodings = 0;
			knownRegions = (
				en,
				Base,
			);
			mainGroup = 8BDE60761EA96479005E0FA3;
			productRefGroup = 8BDE60801EA9647A005E0FA3 /* Products */;
			projectDirPath = "";
			projectRoot = "";
			targets = (
				8BDE607E1EA9647A005E0FA3 /* LapTimer */,
				8BDE60921EA9647A005E0FA3 /* LapTimerTests */,
				8BDE609D1EA9647A005E0FA3 /* LapTimerUITests */,
			);
		};
/* End PBXProject section */

/* Begin PBXResourcesBuildPhase section */
		8BDE607D1EA9647A005E0FA3 /* Resources */ = {
			isa = PBXResourcesBuildPhase;
			buildActionMask = 2147483647;
			files = (
				8BDE608D1EA9647A005E0FA3 /* LaunchScreen.storyboard in Resources */,
				8BDE608A1EA9647A005E0FA3 /* Assets.xcassets in Resources */,
				8BDE60881EA9647A005E0FA3 /* Main.storyboard in Resources */,
			);
			runOnlyForDeploymentPostprocessing = 0;
		};
		8BDE60911EA9647A005E0FA3 /* Resources */ = {
			isa = PBXResourcesBuildPhase;
			buildActionMask = 2147483647;
			files = (
			);
			runOnlyForDeploymentPostprocessing = 0;
		};
		8BDE609C1EA9647A005E0FA3 /* Resources */ = {
			isa = PBXResourcesBuildPhase;
			buildActionMask = 2147483647;
			files = (
			);
			runOnlyForDeploymentPostprocessing = 0;
		};
/* End PBXResourcesBuildPhase section */

/* Begin PBXSourcesBuildPhase section */
		8BDE607B1EA9647A005E0FA3 /* Sources */ = {
			isa = PBXSourcesBuildPhase;
			buildActionMask = 2147483647;
			files = (
				8BDE60B51EA96AFA005E0FA3 /* MainViewController.swift in Sources */,
				8BDE60B71EA96D27005E0FA3 /* LesChronosTableViewController.swift in Sources */,
				8BDE60831EA9647A005E0FA3 /* AppDelegate.swift in Sources */,
				8B9220A11EB25D8600456876 /* Functions.swift in Sources */,
				8BDE60B11EA966D7005E0FA3 /* ChronoViewController.swift in Sources */,
			);
			runOnlyForDeploymentPostprocessing = 0;
		};
		8BDE608F1EA9647A005E0FA3 /* Sources */ = {
			isa = PBXSourcesBuildPhase;
			buildActionMask = 2147483647;
			files = (
				8BDE60981EA9647A005E0FA3 /* LapTimerTests.swift in Sources */,
			);
			runOnlyForDeploymentPostprocessing = 0;
		};
		8BDE609A1EA9647A005E0FA3 /* Sources */ = {
			isa = PBXSourcesBuildPhase;
			buildActionMask = 2147483647;
			files = (
				8BDE60A31EA9647A005E0FA3 /* LapTimerUITests.swift in Sources */,
			);
			runOnlyForDeploymentPostprocessing = 0;
		};
/* End PBXSourcesBuildPhase section */

/* Begin PBXTargetDependency section */
		8BDE60951EA9647A005E0FA3 /* PBXTargetDependency */ = {
			isa = PBXTargetDependency;
			target = 8BDE607E1EA9647A005E0FA3 /* LapTimer */;
			targetProxy = 8BDE60941EA9647A005E0FA3 /* PBXContainerItemProxy */;
		};
		8BDE60A01EA9647A005E0FA3 /* PBXTargetDependency */ = {
			isa = PBXTargetDependency;
			target = 8BDE607E1EA9647A005E0FA3 /* LapTimer */;
			targetProxy = 8BDE609F1EA9647A005E0FA3 /* PBXContainerItemProxy */;
		};
/* End PBXTargetDependency section */

/* Begin PBXVariantGroup section */
		8BDE60861EA9647A005E0FA3 /* Main.storyboard */ = {
			isa = PBXVariantGroup;
			children = (
				8BDE60871EA9647A005E0FA3 /* Base */,
			);
			name = Main.storyboard;
			sourceTree = "<group>";
		};
		8BDE608B1EA9647A005E0FA3 /* LaunchScreen.storyboard */ = {
			isa = PBXVariantGroup;
			children = (
				8BDE608C1EA9647A005E0FA3 /* Base */,
			);
			name = LaunchScreen.storyboard;
			sourceTree = "<group>";
		};
/* End PBXVariantGroup section */

/* Begin XCBuildConfiguration section */
		8BDE60A51EA9647A005E0FA3 /* Debug */ = {
			isa = XCBuildConfiguration;
			buildSettings = {
				ALWAYS_SEARCH_USER_PATHS = NO;
				CLANG_ANALYZER_NONNULL = YES;
				CLANG_ANALYZER_NUMBER_OBJECT_CONVERSION = YES_AGGRESSIVE;
				CLANG_CXX_LANGUAGE_STANDARD = "gnu++0x";
				CLANG_CXX_LIBRARY = "libc++";
				CLANG_ENABLE_MODULES = YES;
				CLANG_ENABLE_OBJC_ARC = YES;
				CLANG_WARN_BOOL_CONVERSION = YES;
				CLANG_WARN_CONSTANT_CONVERSION = YES;
				CLANG_WARN_DIRECT_OBJC_ISA_USAGE = YES_ERROR;
				CLANG_WARN_DOCUMENTATION_COMMENTS = YES;
				CLANG_WARN_EMPTY_BODY = YES;
				CLANG_WARN_ENUM_CONVERSION = YES;
				CLANG_WARN_INFINITE_RECURSION = YES;
				CLANG_WARN_INT_CONVERSION = YES;
				CLANG_WARN_OBJC_ROOT_CLASS = YES_ERROR;
				CLANG_WARN_SUSPICIOUS_MOVE = YES;
				CLANG_WARN_UNREACHABLE_CODE = YES;
				CLANG_WARN__DUPLICATE_METHOD_MATCH = YES;
				"CODE_SIGN_IDENTITY[sdk=iphoneos*]" = "iPhone Developer";
				COPY_PHASE_STRIP = NO;
				DEBUG_INFORMATION_FORMAT = dwarf;
				ENABLE_STRICT_OBJC_MSGSEND = YES;
				ENABLE_TESTABILITY = YES;
				GCC_C_LANGUAGE_STANDARD = gnu99;
				GCC_DYNAMIC_NO_PIC = NO;
				GCC_NO_COMMON_BLOCKS = YES;
				GCC_OPTIMIZATION_LEVEL = 0;
				GCC_PREPROCESSOR_DEFINITIONS = (
					"DEBUG=1",
					"$(inherited)",
				);
				GCC_WARN_64_TO_32_BIT_CONVERSION = YES;
				GCC_WARN_ABOUT_RETURN_TYPE = YES_ERROR;
				GCC_WARN_UNDECLARED_SELECTOR = YES;
				GCC_WARN_UNINITIALIZED_AUTOS = YES_AGGRESSIVE;
				GCC_WARN_UNUSED_FUNCTION = YES;
				GCC_WARN_UNUSED_VARIABLE = YES;
				IPHONEOS_DEPLOYMENT_TARGET = 10.3;
				MTL_ENABLE_DEBUG_INFO = YES;
				ONLY_ACTIVE_ARCH = YES;
				SDKROOT = iphoneos;
				SWIFT_ACTIVE_COMPILATION_CONDITIONS = DEBUG;
				SWIFT_OPTIMIZATION_LEVEL = "-Onone";
			};
			name = Debug;
		};
		8BDE60A61EA9647A005E0FA3 /* Release */ = {
			isa = XCBuildConfiguration;
			buildSettings = {
				ALWAYS_SEARCH_USER_PATHS = NO;
				CLANG_ANALYZER_NONNULL = YES;
				CLANG_ANALYZER_NUMBER_OBJECT_CONVERSION = YES_AGGRESSIVE;
				CLANG_CXX_LANGUAGE_STANDARD = "gnu++0x";
				CLANG_CXX_LIBRARY = "libc++";
				CLANG_ENABLE_MODULES = YES;
				CLANG_ENABLE_OBJC_ARC = YES;
				CLANG_WARN_BOOL_CONVERSION = YES;
				CLANG_WARN_CONSTANT_CONVERSION = YES;
				CLANG_WARN_DIRECT_OBJC_ISA_USAGE = YES_ERROR;
				CLANG_WARN_DOCUMENTATION_COMMENTS = YES;
				CLANG_WARN_EMPTY_BODY = YES;
				CLANG_WARN_ENUM_CONVERSION = YES;
				CLANG_WARN_INFINITE_RECURSION = YES;
				CLANG_WARN_INT_CONVERSION = YES;
				CLANG_WARN_OBJC_ROOT_CLASS = YES_ERROR;
				CLANG_WARN_SUSPICIOUS_MOVE = YES;
				CLANG_WARN_UNREACHABLE_CODE = YES;
				CLANG_WARN__DUPLICATE_METHOD_MATCH = YES;
				"CODE_SIGN_IDENTITY[sdk=iphoneos*]" = "iPhone Developer";
				COPY_PHASE_STRIP = NO;
				DEBUG_INFORMATION_FORMAT = "dwarf-with-dsym";
				ENABLE_NS_ASSERTIONS = NO;
				ENABLE_STRICT_OBJC_MSGSEND = YES;
				GCC_C_LANGUAGE_STANDARD = gnu99;
				GCC_NO_COMMON_BLOCKS = YES;
				GCC_WARN_64_TO_32_BIT_CONVERSION = YES;
				GCC_WARN_ABOUT_RETURN_TYPE = YES_ERROR;
				GCC_WARN_UNDECLARED_SELECTOR = YES;
				GCC_WARN_UNINITIALIZED_AUTOS = YES_AGGRESSIVE;
				GCC_WARN_UNUSED_FUNCTION = YES;
				GCC_WARN_UNUSED_VARIABLE = YES;
				IPHONEOS_DEPLOYMENT_TARGET = 10.3;
				MTL_ENABLE_DEBUG_INFO = NO;
				SDKROOT = iphoneos;
				SWIFT_OPTIMIZATION_LEVEL = "-Owholemodule";
				VALIDATE_PRODUCT = YES;
			};
			name = Release;
		};
		8BDE60A81EA9647A005E0FA3 /* Debug */ = {
			isa = XCBuildConfiguration;
			buildSettings = {
				ASSETCATALOG_COMPILER_APPICON_NAME = AppIcon;
				DEVELOPMENT_TEAM = 2SYMV5G8NJ;
				INFOPLIST_FILE = LapTimer/Info.plist;
				IPHONEOS_DEPLOYMENT_TARGET = 8.0;
				LD_RUNPATH_SEARCH_PATHS = "$(inherited) @executable_path/Frameworks";
				PRODUCT_BUNDLE_IDENTIFIER = sw.LapTimer;
				PRODUCT_NAME = "$(TARGET_NAME)";
				SWIFT_VERSION = 3.0;
			};
			name = Debug;
		};
		8BDE60A91EA9647A005E0FA3 /* Release */ = {
			isa = XCBuildConfiguration;
			buildSettings = {
				ASSETCATALOG_COMPILER_APPICON_NAME = AppIcon;
				DEVELOPMENT_TEAM = 2SYMV5G8NJ;
				INFOPLIST_FILE = LapTimer/Info.plist;
				IPHONEOS_DEPLOYMENT_TARGET = 8.0;
				LD_RUNPATH_SEARCH_PATHS = "$(inherited) @executable_path/Frameworks";
				PRODUCT_BUNDLE_IDENTIFIER = sw.LapTimer;
				PRODUCT_NAME = "$(TARGET_NAME)";
				SWIFT_VERSION = 3.0;
			};
			name = Release;
		};
		8BDE60AB1EA9647A005E0FA3 /* Debug */ = {
			isa = XCBuildConfiguration;
			buildSettings = {
				ALWAYS_EMBED_SWIFT_STANDARD_LIBRARIES = YES;
				BUNDLE_LOADER = "$(TEST_HOST)";
				DEVELOPMENT_TEAM = 2SYMV5G8NJ;
				INFOPLIST_FILE = LapTimerTests/Info.plist;
				LD_RUNPATH_SEARCH_PATHS = "$(inherited) @executable_path/Frameworks @loader_path/Frameworks";
				PRODUCT_BUNDLE_IDENTIFIER = sw.LapTimerTests;
				PRODUCT_NAME = "$(TARGET_NAME)";
				SWIFT_VERSION = 3.0;
				TEST_HOST = "$(BUILT_PRODUCTS_DIR)/LapTimer.app/LapTimer";
			};
			name = Debug;
		};
		8BDE60AC1EA9647A005E0FA3 /* Release */ = {
			isa = XCBuildConfiguration;
			buildSettings = {
				ALWAYS_EMBED_SWIFT_STANDARD_LIBRARIES = YES;
				BUNDLE_LOADER = "$(TEST_HOST)";
				DEVELOPMENT_TEAM = 2SYMV5G8NJ;
				INFOPLIST_FILE = LapTimerTests/Info.plist;
				LD_RUNPATH_SEARCH_PATHS = "$(inherited) @executable_path/Frameworks @loader_path/Frameworks";
				PRODUCT_BUNDLE_IDENTIFIER = sw.LapTimerTests;
				PRODUCT_NAME = "$(TARGET_NAME)";
				SWIFT_VERSION = 3.0;
				TEST_HOST = "$(BUILT_PRODUCTS_DIR)/LapTimer.app/LapTimer";
			};
			name = Release;
		};
		8BDE60AE1EA9647A005E0FA3 /* Debug */ = {
			isa = XCBuildConfiguration;
			buildSettings = {
				ALWAYS_EMBED_SWIFT_STANDARD_LIBRARIES = YES;
				DEVELOPMENT_TEAM = 2SYMV5G8NJ;
				INFOPLIST_FILE = LapTimerUITests/Info.plist;
				LD_RUNPATH_SEARCH_PATHS = "$(inherited) @executable_path/Frameworks @loader_path/Frameworks";
				PRODUCT_BUNDLE_IDENTIFIER = sw.LapTimerUITests;
				PRODUCT_NAME = "$(TARGET_NAME)";
				SWIFT_VERSION = 3.0;
				TEST_TARGET_NAME = LapTimer;
			};
			name = Debug;
		};
		8BDE60AF1EA9647A005E0FA3 /* Release */ = {
			isa = XCBuildConfiguration;
			buildSettings = {
				ALWAYS_EMBED_SWIFT_STANDARD_LIBRARIES = YES;
				DEVELOPMENT_TEAM = 2SYMV5G8NJ;
				INFOPLIST_FILE = LapTimerUITests/Info.plist;
				LD_RUNPATH_SEARCH_PATHS = "$(inherited) @executable_path/Frameworks @loader_path/Frameworks";
				PRODUCT_BUNDLE_IDENTIFIER = sw.LapTimerUITests;
				PRODUCT_NAME = "$(TARGET_NAME)";
				SWIFT_VERSION = 3.0;
				TEST_TARGET_NAME = LapTimer;
			};
			name = Release;
		};
/* End XCBuildConfiguration section */

/* Begin XCConfigurationList section */
		8BDE607A1EA96479005E0FA3 /* Build configuration list for PBXProject "LapTimer" */ = {
			isa = XCConfigurationList;
			buildConfigurations = (
				8BDE60A51EA9647A005E0FA3 /* Debug */,
				8BDE60A61EA9647A005E0FA3 /* Release */,
			);
			defaultConfigurationIsVisible = 0;
			defaultConfigurationName = Release;
		};
		8BDE60A71EA9647A005E0FA3 /* Build configuration list for PBXNativeTarget "LapTimer" */ = {
			isa = XCConfigurationList;
			buildConfigurations = (
				8BDE60A81EA9647A005E0FA3 /* Debug */,
				8BDE60A91EA9647A005E0FA3 /* Release */,
			);
			defaultConfigurationIsVisible = 0;
			defaultConfigurationName = Release;
		};
		8BDE60AA1EA9647A005E0FA3 /* Build configuration list for PBXNativeTarget "LapTimerTests" */ = {
			isa = XCConfigurationList;
			buildConfigurations = (
				8BDE60AB1EA9647A005E0FA3 /* Debug */,
				8BDE60AC1EA9647A005E0FA3 /* Release */,
			);
			defaultConfigurationIsVisible = 0;
			defaultConfigurationName = Release;
		};
		8BDE60AD1EA9647A005E0FA3 /* Build configuration list for PBXNativeTarget "LapTimerUITests" */ = {
			isa = XCConfigurationList;
			buildConfigurations = (
				8BDE60AE1EA9647A005E0FA3 /* Debug */,
				8BDE60AF1EA9647A005E0FA3 /* Release */,
			);
			defaultConfigurationIsVisible = 0;
			defaultConfigurationName = Release;
		};
/* End XCConfigurationList section */
	};
	rootObject = 8BDE60771EA96479005E0FA3 /* Project object */;
}
